# THIS IS AN AUTOGENERATED FILE. DO NOT EDIT THIS FILE DIRECTLY.
# yarn lockfile v1


react-scroll-to-top@^1.0.8:
  version "1.0.8"
  resolved "https://registry.yarnpkg.com/react-scroll-to-top/-/react-scroll-to-top-1.0.8.tgz#b78731e77fb4463aa39907a3da9b153e2f0079a4"
  integrity sha512-GXaRZnET2YUy+teAQTcd6qy3Dn8Xme4Qk+7AFhK/2DCwTuo0gu8+p6aARHyoG1TVcvzRE7QCCZYNiFZmy8HW7Q==
